
Microsoft Visual Studio Solution File, Format Version 12.00
# Visual Studio Version 17
VisualStudioVersion = 17.14.36930.0 d17.14
MinimumVisualStudioVersion = 10.0.40219.1
Project("{8BC9CEB8-8B4A-11D0-8D11-00A0C91BC942}") = "vampire", "vampire.vcxproj", "{E6A82EC4-CD28-4DAB-8271-8A4F6104596A}"
EndProject
Global
	GlobalSection(SolutionConfigurationPlatforms) = preSolution
		Debug|x64 = Debug|x64
		Debug|x86 = Debug|x86
		Release|x64 = Release|x64
		Release|x86 = Release|x86
	EndGlobalSection
	GlobalSection(ProjectConfigurationPlatforms) = postSolution
		{E6A82EC4-CD28-4DAB-8271-8A4F6104596A}.Debug|x64.ActiveCfg = Debug|x64
		{E6A82EC4-CD28-4DAB-8271-8A4F6104596A}.Debug|x64.Build.0 = Debug|x64
		{E6A82EC4-CD28-4DAB-8271-8A4F6104596A}.Debug|x86.ActiveCfg = Debug|Win32
		{E6A82EC4-CD28-4DAB-8271-8A4F6104596A}.Debug|x86.Build.0 = Debug|Win32
		{E6A82EC4-CD28-4DAB-8271-8A4F6104596A}.Release|x64.ActiveCfg = Release|x64
		{E6A82EC4-CD28-4DAB-8271-8A4F6104596A}.Release|x64.Build.0 = Release|x64
		{E6A82EC4-CD28-4DAB-8271-8A4F6104596A}.Release|x86.ActiveCfg = Release|Win32
		{E6A82EC4-CD28-4DAB-8271-8A4F6104596A}.Release|x86.Build.0 = Release|Win32
	EndGlobalSection
	GlobalSection(SolutionProperties) = preSolution
		HideSolutionNode = FALSE
	EndGlobalSection
	GlobalSection(ExtensibilityGlobals) = postSolution
		SolutionGuid = {DA732081-CE7A-4B43-8EFF-6E2FDB07FA46}
	EndGlobalSection
EndGlobal
