<?xml version="1.0" encoding="utf-8"?>
<Project ToolsVersion="4.0" xmlns="http://schemas.microsoft.com/developer/msbuild/2003">
  <ItemGroup>
    <Filter Include="Game">
      <UniqueIdentifier>{A1B2C3D4-E5F6-7890-ABCD-EF1234567890}</UniqueIdentifier>
    </Filter>
    <Filter Include="Game\Headers">
      <UniqueIdentifier>{B2C3D4E5-F6A7-8901-BCDE-F12345678901}</UniqueIdentifier>
    </Filter>
    <Filter Include="Game\Source">
      <UniqueIdentifier>{C3D4E5F6-A7B8-9012-CDEF-123456789012}</UniqueIdentifier>
    </Filter>
    <Filter Include="Source Files">
      <UniqueIdentifier>{4FC737F1-C7A5-4376-A066-2A32D752A2FF}</UniqueIdentifier>
      <Extensions>cpp;c;cc;cxx;c++;cppm;ixx;def;odl;idl;hpj;bat;asm;asmx</Extensions>
    </Filter>
    <Filter Include="Header Files">
      <UniqueIdentifier>{93995380-89BD-4b04-88EB-625FBE52EBFB}</UniqueIdentifier>
      <Extensions>h;hh;hpp;hxx;h++;hm;inl;inc;ipp;xsd</Extensions>
    </Filter>
    <Filter Include="UI">
      <UniqueIdentifier>{D4E5F6A7-B8C9-0123-DEFA-234567890123}</UniqueIdentifier>
    </Filter>
    <Filter Include="UI\Headers">
      <UniqueIdentifier>{E5F6A7B8-C9D0-1234-EFAB-345678901234}</UniqueIdentifier>
    </Filter>
    <Filter Include="UI\Source">
      <UniqueIdentifier>{F6A7B8C9-D0E1-2345-FABC-456789012345}</UniqueIdentifier>
    </Filter>
    <Filter Include="Resource Files">
      <UniqueIdentifier>{67DA6AB6-F800-4c08-8B7A-83BB121AAD01}</UniqueIdentifier>
      <Extensions>rc;ico;cur;bmp;dlg;rc2;rct;bin;rgs;gif;jpg;jpeg;jpe;resx;tiff;tif;png;wav;mfcribbon-ms</Extensions>
    </Filter>
  </ItemGroup>
  <ItemGroup>
    <ClInclude Include="framework.h">
      <Filter>Header Files</Filter>
    </ClInclude>
    <ClInclude Include="targetver.h">
      <Filter>Header Files</Filter>
    </ClInclude>
    <ClInclude Include="Resource.h">
      <Filter>Header Files</Filter>
    </ClInclude>
    <ClInclude Include="vampire.h">
      <Filter>Header Files</Filter>
    </ClInclude>
    <ClInclude Include="game\Dice.h">
      <Filter>Header Files</Filter>
    </ClInclude>
    <ClInclude Include="game\Attributes.h">
      <Filter>Header Files</Filter>
    </ClInclude>
    <ClInclude Include="game\SkillDefs.h">
      <Filter>Header Files</Filter>
    </ClInclude>
    <ClInclude Include="game\Skill.h">
      <Filter>Header Files</Filter>
    </ClInclude>
    <ClInclude Include="game\StatusEffect.h">
      <Filter>Header Files</Filter>
    </ClInclude>
    <ClInclude Include="game\Weapon.h">
      <Filter>Header Files</Filter>
    </ClInclude>
    <ClInclude Include="game\Armor.h">
      <Filter>Header Files</Filter>
    </ClInclude>
    <ClInclude Include="game\Inventory.h">
      <Filter>Header Files</Filter>
    </ClInclude>
    <ClInclude Include="game\MapTile.h">
      <Filter>Header Files</Filter>
    </ClInclude>
    <ClInclude Include="game\Character.h">
      <Filter>Header Files</Filter>
    </ClInclude>
    <ClInclude Include="game\CoverSystem.h">
      <Filter>Header Files</Filter>
    </ClInclude>
    <ClInclude Include="game\GameWorld.h">
      <Filter>Header Files</Filter>
    </ClInclude>
    <ClInclude Include="game\FogOfWar.h">
      <Filter>Header Files</Filter>
    </ClInclude>
    <ClInclude Include="game\CombatSystem.h">
      <Filter>Header Files</Filter>
    </ClInclude>
    <ClInclude Include="game\Discipline.h">
      <Filter>Header Files</Filter>
    </ClInclude>
    <ClInclude Include="game\SocialSystem.h">
      <Filter>Header Files</Filter>
    </ClInclude>
    <ClInclude Include="game\SleepSystem.h">
      <Filter>Header Files</Filter>
    </ClInclude>
    <ClInclude Include="game\GameSystems.h">
      <Filter>Header Files</Filter>
    </ClInclude>
    <ClInclude Include="engine\EngineTypes.h">
      <Filter>Header Files</Filter>
    </ClInclude>
    <ClInclude Include="engine\DescriptorAllocator.h">
      <Filter>Header Files</Filter>
    </ClInclude>
    <ClInclude Include="engine\UploadManager.h">
      <Filter>Header Files</Filter>
    </ClInclude>
    <ClInclude Include="engine\Texture2D.h">
      <Filter>Header Files</Filter>
    </ClInclude>
    <ClInclude Include="engine\RenderTarget.h">
      <Filter>Header Files</Filter>
    </ClInclude>
    <ClInclude Include="engine\Camera2D.h">
      <Filter>Header Files</Filter>
    </ClInclude>
    <ClInclude Include="engine\Grid.h">
      <Filter>Header Files</Filter>
    </ClInclude>
    <ClInclude Include="engine\SpriteAtlas.h">
      <Filter>Header Files</Filter>
    </ClInclude>
    <ClInclude Include="engine\RenderQueue.h">
      <Filter>Header Files</Filter>
    </ClInclude>
    <ClInclude Include="engine\OccluderSet.h">
      <Filter>Header Files</Filter>
    </ClInclude>
    <ClInclude Include="engine\RoofSystem.h">
      <Filter>Header Files</Filter>
    </ClInclude>
    <ClInclude Include="engine\BackgroundPager.h">
      <Filter>Header Files</Filter>
    </ClInclude>
    <ClInclude Include="engine\LightSystem.h">
      <Filter>Header Files</Filter>
    </ClInclude>
    <ClInclude Include="engine\FogRenderer.h">
      <Filter>Header Files</Filter>
    </ClInclude>
    <ClInclude Include="engine\RendererD3D12.h">
      <Filter>Header Files</Filter>
    </ClInclude>
    <ClInclude Include="engine\SceneRenderer.h">
      <Filter>Header Files</Filter>
    </ClInclude>
    <ClInclude Include="engine\Engine.h">
      <Filter>Header Files</Filter>
    </ClInclude>
    <ClInclude Include="engine\InputSystem.h">
      <Filter>Header Files</Filter>
    </ClInclude>
    <ClInclude Include="engine\PipelineStates.h">
      <Filter>Header Files</Filter>
    </ClInclude>
    <ClInclude Include="game\SceneData.h">
      <Filter>Header Files</Filter>
    </ClInclude>
    <ClInclude Include="game\SceneFile.h">
      <Filter>Header Files</Filter>
    </ClInclude>
    <ClInclude Include="game\SceneLoader.h">
      <Filter>Header Files</Filter>
    </ClInclude>
    <ClInclude Include="game\GenerateTestScene.h">
      <Filter>Header Files</Filter>
    </ClInclude>
    <ClInclude Include="ui\UI.h">
      <Filter>UI\Headers</Filter>
    </ClInclude>
    <ClInclude Include="ui\UITypes.h">
      <Filter>UI\Headers</Filter>
    </ClInclude>
    <ClInclude Include="ui\BitmapFont.h">
      <Filter>UI\Headers</Filter>
    </ClInclude>
    <ClInclude Include="ui\UIElement.h">
      <Filter>UI\Headers</Filter>
    </ClInclude>
    <ClInclude Include="ui\UIPanel.h">
      <Filter>UI\Headers</Filter>
    </ClInclude>
    <ClInclude Include="ui\UILabel.h">
      <Filter>UI\Headers</Filter>
    </ClInclude>
    <ClInclude Include="ui\UIRenderer.h">
      <Filter>UI\Headers</Filter>
    </ClInclude>
    <ClInclude Include="ui\UISystem.h">
      <Filter>UI\Headers</Filter>
    </ClInclude>
    <ClInclude Include="editor\EditorMode.h">
      <Filter>Header Files</Filter>
    </ClInclude>
  </ItemGroup>
  <ItemGroup>
    <ClCompile Include="vampire.cpp">
      <Filter>Source Files</Filter>
    </ClCompile>
    <ClCompile Include="game\Dice.cpp">
      <Filter>Source Files</Filter>
    </ClCompile>
    <ClCompile Include="game\Skill.cpp">
      <Filter>Source Files</Filter>
    </ClCompile>
    <ClCompile Include="game\StatusEffect.cpp">
      <Filter>Source Files</Filter>
    </ClCompile>
    <ClCompile Include="game\Inventory.cpp">
      <Filter>Source Files</Filter>
    </ClCompile>
    <ClCompile Include="game\Character.cpp">
      <Filter>Source Files</Filter>
    </ClCompile>
    <ClCompile Include="game\GameWorld.cpp">
      <Filter>Source Files</Filter>
    </ClCompile>
    <ClCompile Include="game\CoverSystem.cpp">
      <Filter>Source Files</Filter>
    </ClCompile>
    <ClCompile Include="game\FogOfWar.cpp">
      <Filter>Source Files</Filter>
    </ClCompile>
    <ClCompile Include="game\CombatSystem.cpp">
      <Filter>Source Files</Filter>
    </ClCompile>
    <ClCompile Include="game\Discipline.cpp">
      <Filter>Source Files</Filter>
    </ClCompile>
    <ClCompile Include="game\SocialSystem.cpp">
      <Filter>Source Files</Filter>
    </ClCompile>
    <ClCompile Include="game\SleepSystem.cpp">
      <Filter>Source Files</Filter>
    </ClCompile>
    <ClCompile Include="engine\DescriptorAllocator.cpp">
      <Filter>Source Files</Filter>
    </ClCompile>
    <ClCompile Include="engine\UploadManager.cpp">
      <Filter>Source Files</Filter>
    </ClCompile>
    <ClCompile Include="engine\Texture2D.cpp">
      <Filter>Source Files</Filter>
    </ClCompile>
    <ClCompile Include="engine\RenderTarget.cpp">
      <Filter>Source Files</Filter>
    </ClCompile>
    <ClCompile Include="engine\BackgroundPager.cpp">
      <Filter>Source Files</Filter>
    </ClCompile>
    <ClCompile Include="engine\FogRenderer.cpp">
      <Filter>Source Files</Filter>
    </ClCompile>
    <ClCompile Include="engine\RendererD3D12.cpp">
      <Filter>Source Files</Filter>
    </ClCompile>
    <ClCompile Include="engine\SceneRenderer.cpp">
      <Filter>Source Files</Filter>
    </ClCompile>
    <ClCompile Include="engine\PipelineStates.cpp">
      <Filter>Source Files</Filter>
    </ClCompile>
    <ClCompile Include="game\SceneFile.cpp">
      <Filter>Source Files</Filter>
    </ClCompile>
    <ClCompile Include="game\SceneLoader.cpp">
      <Filter>Source Files</Filter>
    </ClCompile>
    <ClCompile Include="game\GenerateTestScene.cpp">
      <Filter>Source Files</Filter>
    </ClCompile>
    <ClCompile Include="ui\BitmapFont.cpp">
      <Filter>UI\Source</Filter>
    </ClCompile>
    <ClCompile Include="ui\UIRenderer.cpp">
      <Filter>UI\Source</Filter>
    </ClCompile>
    <ClCompile Include="ui\UISystem.cpp">
      <Filter>UI\Source</Filter>
    </ClCompile>
    <ClCompile Include="editor\EditorMode.cpp">
      <Filter>Source Files</Filter>
    </ClCompile>
  </ItemGroup>
  <ItemGroup>
    <ResourceCompile Include="vampire.rc">
      <Filter>Resource Files</Filter>
    </ResourceCompile>
  </ItemGroup>
  <ItemGroup>
    <Image Include="small.ico">
      <Filter>Resource Files</Filter>
    </Image>
    <Image Include="vampire.ico">
      <Filter>Resource Files</Filter>
    </Image>
  </ItemGroup>
  <ItemGroup>
    <None Include="update_vcxproj.ps1" />
    <None Include=".gitignore" />
    <None Include="README.md" />
    <None Include="update_filters.ps1" />
    <None Include="engine\shaders\CompositePS.hlsl" />
    <None Include="engine\shaders\CompositeVS.hlsl" />
    <None Include="engine\shaders\GridOverlayPS.hlsl" />
    <None Include="engine\shaders\GridOverlayVS.hlsl" />
    <None Include="engine\shaders\LightRadialPS.hlsl" />
    <None Include="engine\shaders\LightRadialVS.hlsl" />
    <None Include="engine\shaders\ShadowVolumeVS.hlsl" />
    <None Include="engine\shaders\SpritePS.hlsl" />
    <None Include="engine\shaders\SpritePointPS.hlsl" />
    <None Include="engine\shaders\SpriteVS.hlsl" />
    <None Include="AGENTS.md" />
  </ItemGroup>
  <ItemGroup>
    <FxCompile Include="engine\shaders\SpritePointPS.hlsl" />
  </ItemGroup>
</Project>
